// !$*UTF8*$!
{
	archiveVersion = 1;
	classes = {
	};
	objectVersion = 46;
	objects = {

/* Begin PBXBuildFile section */
		156157AF1BADE810003A5D1D /* CameraViewController2.swift in Sources */ = {isa = PBXBuildFile; fileRef = 156157AE1BADE810003A5D1D /* CameraViewController2.swift */; settings = {ASSET_TAGS = (); }; };
		156157B21BADF527003A5D1D /* CameraViewController.swift in Sources */ = {isa = PBXBuildFile; fileRef = 156157B01BADF527003A5D1D /* CameraViewController.swift */; settings = {ASSET_TAGS = (); }; };
		156157B31BADF527003A5D1D /* CameraViewController.xib in Resources */ = {isa = PBXBuildFile; fileRef = 156157B11BADF527003A5D1D /* CameraViewController.xib */; settings = {ASSET_TAGS = (); }; };
		156157B51BAE1FAB003A5D1D /* FoodEntry.swift in Sources */ = {isa = PBXBuildFile; fileRef = 156157B41BAE1FAB003A5D1D /* FoodEntry.swift */; settings = {ASSET_TAGS = (); }; };
		156157B71BAE9F39003A5D1D /* Secrets.swift in Sources */ = {isa = PBXBuildFile; fileRef = 156157B61BAE9F39003A5D1D /* Secrets.swift */; settings = {ASSET_TAGS = (); }; };
		156157BA1BAEC099003A5D1D /* CheckoutViewController.swift in Sources */ = {isa = PBXBuildFile; fileRef = 156157B91BAEC099003A5D1D /* CheckoutViewController.swift */; settings = {ASSET_TAGS = (); }; };
		156157BC1BAEC705003A5D1D /* Global.swift in Sources */ = {isa = PBXBuildFile; fileRef = 156157BB1BAEC705003A5D1D /* Global.swift */; settings = {ASSET_TAGS = (); }; };
		1576AEAB1BADE49600898BE5 /* AppDelegate.swift in Sources */ = {isa = PBXBuildFile; fileRef = 1576AEAA1BADE49600898BE5 /* AppDelegate.swift */; };
		1576AEAD1BADE49600898BE5 /* MasterViewController.swift in Sources */ = {isa = PBXBuildFile; fileRef = 1576AEAC1BADE49600898BE5 /* MasterViewController.swift */; };
		1576AEAF1BADE49600898BE5 /* DetailViewController.swift in Sources */ = {isa = PBXBuildFile; fileRef = 1576AEAE1BADE49600898BE5 /* DetailViewController.swift */; };
		1576AEB21BADE49600898BE5 /* Main.storyboard in Resources */ = {isa = PBXBuildFile; fileRef = 1576AEB01BADE49600898BE5 /* Main.storyboard */; };
		1576AEB41BADE49600898BE5 /* Assets.xcassets in Resources */ = {isa = PBXBuildFile; fileRef = 1576AEB31BADE49600898BE5 /* Assets.xcassets */; };
		1576AEB71BADE49600898BE5 /* LaunchScreen.storyboard in Resources */ = {isa = PBXBuildFile; fileRef = 1576AEB51BADE49600898BE5 /* LaunchScreen.storyboard */; };
		1576AEC21BADE49600898BE5 /* BananaCartTests.swift in Sources */ = {isa = PBXBuildFile; fileRef = 1576AEC11BADE49600898BE5 /* BananaCartTests.swift */; };
		1576AECD1BADE49600898BE5 /* BananaCartUITests.swift in Sources */ = {isa = PBXBuildFile; fileRef = 1576AECC1BADE49600898BE5 /* BananaCartUITests.swift */; };
<<<<<<< HEAD
		7B9771E1509F439D52707441 /* libPods-BananaCart.a in Frameworks */ = {isa = PBXBuildFile; fileRef = BCE23BB3ACCB7753CE1DE30F /* libPods-BananaCart.a */; };
		D30AA7731BAE60B100C470A6 /* ParticleInput.swift in Sources */ = {isa = PBXBuildFile; fileRef = D30AA7721BAE60B100C470A6 /* ParticleInput.swift */; settings = {ASSET_TAGS = (); }; };
=======
		199B8717E01E9A72D2C567CD /* libPods-BananaCart.a in Frameworks */ = {isa = PBXBuildFile; fileRef = 0F4FD736FBE25922144E79B0 /* libPods-BananaCart.a */; };
>>>>>>> austin
/* End PBXBuildFile section */

/* Begin PBXContainerItemProxy section */
		1576AEBE1BADE49600898BE5 /* PBXContainerItemProxy */ = {
			isa = PBXContainerItemProxy;
			containerPortal = 1576AE9F1BADE49600898BE5 /* Project object */;
			proxyType = 1;
			remoteGlobalIDString = 1576AEA61BADE49600898BE5;
			remoteInfo = BananaCart;
		};
		1576AEC91BADE49600898BE5 /* PBXContainerItemProxy */ = {
			isa = PBXContainerItemProxy;
			containerPortal = 1576AE9F1BADE49600898BE5 /* Project object */;
			proxyType = 1;
			remoteGlobalIDString = 1576AEA61BADE49600898BE5;
			remoteInfo = BananaCart;
		};
/* End PBXContainerItemProxy section */

/* Begin PBXFileReference section */
		0F4FD736FBE25922144E79B0 /* libPods-BananaCart.a */ = {isa = PBXFileReference; explicitFileType = archive.ar; includeInIndex = 0; path = "libPods-BananaCart.a"; sourceTree = BUILT_PRODUCTS_DIR; };
		156157AE1BADE810003A5D1D /* CameraViewController2.swift */ = {isa = PBXFileReference; fileEncoding = 4; lastKnownFileType = sourcecode.swift; path = CameraViewController2.swift; sourceTree = "<group>"; };
		156157B01BADF527003A5D1D /* CameraViewController.swift */ = {isa = PBXFileReference; fileEncoding = 4; lastKnownFileType = sourcecode.swift; path = CameraViewController.swift; sourceTree = "<group>"; };
		156157B11BADF527003A5D1D /* CameraViewController.xib */ = {isa = PBXFileReference; fileEncoding = 4; lastKnownFileType = file.xib; path = CameraViewController.xib; sourceTree = "<group>"; };
		156157B41BAE1FAB003A5D1D /* FoodEntry.swift */ = {isa = PBXFileReference; fileEncoding = 4; lastKnownFileType = sourcecode.swift; path = FoodEntry.swift; sourceTree = "<group>"; };
		156157B61BAE9F39003A5D1D /* Secrets.swift */ = {isa = PBXFileReference; fileEncoding = 4; lastKnownFileType = sourcecode.swift; path = Secrets.swift; sourceTree = "<group>"; };
		156157B81BAEA298003A5D1D /* Bridging-Header.h */ = {isa = PBXFileReference; lastKnownFileType = sourcecode.c.h; path = "Bridging-Header.h"; sourceTree = "<group>"; };
		156157B91BAEC099003A5D1D /* CheckoutViewController.swift */ = {isa = PBXFileReference; fileEncoding = 4; lastKnownFileType = sourcecode.swift; path = CheckoutViewController.swift; sourceTree = "<group>"; };
		156157BB1BAEC705003A5D1D /* Global.swift */ = {isa = PBXFileReference; fileEncoding = 4; lastKnownFileType = sourcecode.swift; path = Global.swift; sourceTree = "<group>"; };
		1576AEA71BADE49600898BE5 /* BananaCart.app */ = {isa = PBXFileReference; explicitFileType = wrapper.application; includeInIndex = 0; path = BananaCart.app; sourceTree = BUILT_PRODUCTS_DIR; };
		1576AEAA1BADE49600898BE5 /* AppDelegate.swift */ = {isa = PBXFileReference; lastKnownFileType = sourcecode.swift; path = AppDelegate.swift; sourceTree = "<group>"; };
		1576AEAC1BADE49600898BE5 /* MasterViewController.swift */ = {isa = PBXFileReference; lastKnownFileType = sourcecode.swift; path = MasterViewController.swift; sourceTree = "<group>"; };
		1576AEAE1BADE49600898BE5 /* DetailViewController.swift */ = {isa = PBXFileReference; lastKnownFileType = sourcecode.swift; path = DetailViewController.swift; sourceTree = "<group>"; };
		1576AEB11BADE49600898BE5 /* Base */ = {isa = PBXFileReference; lastKnownFileType = file.storyboard; name = Base; path = Base.lproj/Main.storyboard; sourceTree = "<group>"; };
		1576AEB31BADE49600898BE5 /* Assets.xcassets */ = {isa = PBXFileReference; lastKnownFileType = folder.assetcatalog; path = Assets.xcassets; sourceTree = "<group>"; };
		1576AEB61BADE49600898BE5 /* Base */ = {isa = PBXFileReference; lastKnownFileType = file.storyboard; name = Base; path = Base.lproj/LaunchScreen.storyboard; sourceTree = "<group>"; };
		1576AEB81BADE49600898BE5 /* Info.plist */ = {isa = PBXFileReference; lastKnownFileType = text.plist.xml; path = Info.plist; sourceTree = "<group>"; };
		1576AEBD1BADE49600898BE5 /* BananaCartTests.xctest */ = {isa = PBXFileReference; explicitFileType = wrapper.cfbundle; includeInIndex = 0; path = BananaCartTests.xctest; sourceTree = BUILT_PRODUCTS_DIR; };
		1576AEC11BADE49600898BE5 /* BananaCartTests.swift */ = {isa = PBXFileReference; lastKnownFileType = sourcecode.swift; path = BananaCartTests.swift; sourceTree = "<group>"; };
		1576AEC31BADE49600898BE5 /* Info.plist */ = {isa = PBXFileReference; lastKnownFileType = text.plist.xml; path = Info.plist; sourceTree = "<group>"; };
		1576AEC81BADE49600898BE5 /* BananaCartUITests.xctest */ = {isa = PBXFileReference; explicitFileType = wrapper.cfbundle; includeInIndex = 0; path = BananaCartUITests.xctest; sourceTree = BUILT_PRODUCTS_DIR; };
		1576AECC1BADE49600898BE5 /* BananaCartUITests.swift */ = {isa = PBXFileReference; lastKnownFileType = sourcecode.swift; path = BananaCartUITests.swift; sourceTree = "<group>"; };
		1576AECE1BADE49600898BE5 /* Info.plist */ = {isa = PBXFileReference; lastKnownFileType = text.plist.xml; path = Info.plist; sourceTree = "<group>"; };
<<<<<<< HEAD
		7153B8455222A3EE7A652DF1 /* Pods-BananaCart.release.xcconfig */ = {isa = PBXFileReference; includeInIndex = 1; lastKnownFileType = text.xcconfig; name = "Pods-BananaCart.release.xcconfig"; path = "Pods/Target Support Files/Pods-BananaCart/Pods-BananaCart.release.xcconfig"; sourceTree = "<group>"; };
		BCE23BB3ACCB7753CE1DE30F /* libPods-BananaCart.a */ = {isa = PBXFileReference; explicitFileType = archive.ar; includeInIndex = 0; path = "libPods-BananaCart.a"; sourceTree = BUILT_PRODUCTS_DIR; };
		D30AA7721BAE60B100C470A6 /* ParticleInput.swift */ = {isa = PBXFileReference; fileEncoding = 4; lastKnownFileType = sourcecode.swift; path = ParticleInput.swift; sourceTree = "<group>"; };
		D30AA7741BAE65AE00C470A6 /* BridgingHeader.h */ = {isa = PBXFileReference; lastKnownFileType = sourcecode.c.h; path = BridgingHeader.h; sourceTree = "<group>"; };
		F9CC64934224D00D3882156C /* Pods-BananaCart.debug.xcconfig */ = {isa = PBXFileReference; includeInIndex = 1; lastKnownFileType = text.xcconfig; name = "Pods-BananaCart.debug.xcconfig"; path = "Pods/Target Support Files/Pods-BananaCart/Pods-BananaCart.debug.xcconfig"; sourceTree = "<group>"; };
=======
		508C6972034E533EFC7F3023 /* Pods-BananaCart.debug.xcconfig */ = {isa = PBXFileReference; includeInIndex = 1; lastKnownFileType = text.xcconfig; name = "Pods-BananaCart.debug.xcconfig"; path = "Pods/Target Support Files/Pods-BananaCart/Pods-BananaCart.debug.xcconfig"; sourceTree = "<group>"; };
		8EEC704254F963584F0B6831 /* Pods-BananaCart.release.xcconfig */ = {isa = PBXFileReference; includeInIndex = 1; lastKnownFileType = text.xcconfig; name = "Pods-BananaCart.release.xcconfig"; path = "Pods/Target Support Files/Pods-BananaCart/Pods-BananaCart.release.xcconfig"; sourceTree = "<group>"; };
>>>>>>> austin
/* End PBXFileReference section */

/* Begin PBXFrameworksBuildPhase section */
		1576AEA41BADE49600898BE5 /* Frameworks */ = {
			isa = PBXFrameworksBuildPhase;
			buildActionMask = 2147483647;
			files = (
<<<<<<< HEAD
				7B9771E1509F439D52707441 /* libPods-BananaCart.a in Frameworks */,
=======
				199B8717E01E9A72D2C567CD /* libPods-BananaCart.a in Frameworks */,
>>>>>>> austin
			);
			runOnlyForDeploymentPostprocessing = 0;
		};
		1576AEBA1BADE49600898BE5 /* Frameworks */ = {
			isa = PBXFrameworksBuildPhase;
			buildActionMask = 2147483647;
			files = (
			);
			runOnlyForDeploymentPostprocessing = 0;
		};
		1576AEC51BADE49600898BE5 /* Frameworks */ = {
			isa = PBXFrameworksBuildPhase;
			buildActionMask = 2147483647;
			files = (
			);
			runOnlyForDeploymentPostprocessing = 0;
		};
/* End PBXFrameworksBuildPhase section */

/* Begin PBXGroup section */
		00CE370F25FA7DE40DC7E5EB /* Frameworks */ = {
			isa = PBXGroup;
			children = (
				BCE23BB3ACCB7753CE1DE30F /* libPods-BananaCart.a */,
			);
			name = Frameworks;
			sourceTree = "<group>";
		};
		1576AE9E1BADE49600898BE5 = {
			isa = PBXGroup;
			children = (
				1576AEA91BADE49600898BE5 /* BananaCart */,
				1576AEC01BADE49600898BE5 /* BananaCartTests */,
				1576AECB1BADE49600898BE5 /* BananaCartUITests */,
				1576AEA81BADE49600898BE5 /* Products */,
<<<<<<< HEAD
				FA4CE586FA28568898303F3B /* Pods */,
				00CE370F25FA7DE40DC7E5EB /* Frameworks */,
=======
				DAB4EAF69995F77426B60C88 /* Pods */,
				BF7E8F8F058C914DB74B82F1 /* Frameworks */,
>>>>>>> austin
			);
			sourceTree = "<group>";
		};
		1576AEA81BADE49600898BE5 /* Products */ = {
			isa = PBXGroup;
			children = (
				1576AEA71BADE49600898BE5 /* BananaCart.app */,
				1576AEBD1BADE49600898BE5 /* BananaCartTests.xctest */,
				1576AEC81BADE49600898BE5 /* BananaCartUITests.xctest */,
			);
			name = Products;
			sourceTree = "<group>";
		};
		1576AEA91BADE49600898BE5 /* BananaCart */ = {
			isa = PBXGroup;
			children = (
				1576AEAA1BADE49600898BE5 /* AppDelegate.swift */,
				1576AEAC1BADE49600898BE5 /* MasterViewController.swift */,
				156157B81BAEA298003A5D1D /* Bridging-Header.h */,
				156157AE1BADE810003A5D1D /* CameraViewController2.swift */,
				156157B01BADF527003A5D1D /* CameraViewController.swift */,
				156157B11BADF527003A5D1D /* CameraViewController.xib */,
				1576AEAE1BADE49600898BE5 /* DetailViewController.swift */,
				156157B91BAEC099003A5D1D /* CheckoutViewController.swift */,
				1576AEB01BADE49600898BE5 /* Main.storyboard */,
				1576AEB31BADE49600898BE5 /* Assets.xcassets */,
				1576AEB51BADE49600898BE5 /* LaunchScreen.storyboard */,
				1576AEB81BADE49600898BE5 /* Info.plist */,
<<<<<<< HEAD
				D30AA7721BAE60B100C470A6 /* ParticleInput.swift */,
				D30AA7741BAE65AE00C470A6 /* BridgingHeader.h */,
=======
				156157B41BAE1FAB003A5D1D /* FoodEntry.swift */,
				156157B61BAE9F39003A5D1D /* Secrets.swift */,
				156157BB1BAEC705003A5D1D /* Global.swift */,
>>>>>>> austin
			);
			path = BananaCart;
			sourceTree = "<group>";
		};
		1576AEC01BADE49600898BE5 /* BananaCartTests */ = {
			isa = PBXGroup;
			children = (
				1576AEC11BADE49600898BE5 /* BananaCartTests.swift */,
				1576AEC31BADE49600898BE5 /* Info.plist */,
			);
			path = BananaCartTests;
			sourceTree = "<group>";
		};
		1576AECB1BADE49600898BE5 /* BananaCartUITests */ = {
			isa = PBXGroup;
			children = (
				1576AECC1BADE49600898BE5 /* BananaCartUITests.swift */,
				1576AECE1BADE49600898BE5 /* Info.plist */,
			);
			path = BananaCartUITests;
			sourceTree = "<group>";
		};
<<<<<<< HEAD
		FA4CE586FA28568898303F3B /* Pods */ = {
			isa = PBXGroup;
			children = (
				F9CC64934224D00D3882156C /* Pods-BananaCart.debug.xcconfig */,
				7153B8455222A3EE7A652DF1 /* Pods-BananaCart.release.xcconfig */,
=======
		BF7E8F8F058C914DB74B82F1 /* Frameworks */ = {
			isa = PBXGroup;
			children = (
				0F4FD736FBE25922144E79B0 /* libPods-BananaCart.a */,
			);
			name = Frameworks;
			sourceTree = "<group>";
		};
		DAB4EAF69995F77426B60C88 /* Pods */ = {
			isa = PBXGroup;
			children = (
				508C6972034E533EFC7F3023 /* Pods-BananaCart.debug.xcconfig */,
				8EEC704254F963584F0B6831 /* Pods-BananaCart.release.xcconfig */,
>>>>>>> austin
			);
			name = Pods;
			sourceTree = "<group>";
		};
/* End PBXGroup section */

/* Begin PBXNativeTarget section */
		1576AEA61BADE49600898BE5 /* BananaCart */ = {
			isa = PBXNativeTarget;
			buildConfigurationList = 1576AED11BADE49600898BE5 /* Build configuration list for PBXNativeTarget "BananaCart" */;
			buildPhases = (
<<<<<<< HEAD
				687B8FB80EB836448923554C /* Check Pods Manifest.lock */,
				1576AEA31BADE49600898BE5 /* Sources */,
				1576AEA41BADE49600898BE5 /* Frameworks */,
				1576AEA51BADE49600898BE5 /* Resources */,
				9CD38E88DE561777E07BAE4B /* Copy Pods Resources */,
=======
				6B8234B8A23FA22D684E455A /* Check Pods Manifest.lock */,
				1576AEA31BADE49600898BE5 /* Sources */,
				1576AEA41BADE49600898BE5 /* Frameworks */,
				1576AEA51BADE49600898BE5 /* Resources */,
				2B23F7BD09AF9A0057652F67 /* Copy Pods Resources */,
>>>>>>> austin
			);
			buildRules = (
			);
			dependencies = (
			);
			name = BananaCart;
			productName = BananaCart;
			productReference = 1576AEA71BADE49600898BE5 /* BananaCart.app */;
			productType = "com.apple.product-type.application";
		};
		1576AEBC1BADE49600898BE5 /* BananaCartTests */ = {
			isa = PBXNativeTarget;
			buildConfigurationList = 1576AED41BADE49600898BE5 /* Build configuration list for PBXNativeTarget "BananaCartTests" */;
			buildPhases = (
				1576AEB91BADE49600898BE5 /* Sources */,
				1576AEBA1BADE49600898BE5 /* Frameworks */,
				1576AEBB1BADE49600898BE5 /* Resources */,
			);
			buildRules = (
			);
			dependencies = (
				1576AEBF1BADE49600898BE5 /* PBXTargetDependency */,
			);
			name = BananaCartTests;
			productName = BananaCartTests;
			productReference = 1576AEBD1BADE49600898BE5 /* BananaCartTests.xctest */;
			productType = "com.apple.product-type.bundle.unit-test";
		};
		1576AEC71BADE49600898BE5 /* BananaCartUITests */ = {
			isa = PBXNativeTarget;
			buildConfigurationList = 1576AED71BADE49600898BE5 /* Build configuration list for PBXNativeTarget "BananaCartUITests" */;
			buildPhases = (
				1576AEC41BADE49600898BE5 /* Sources */,
				1576AEC51BADE49600898BE5 /* Frameworks */,
				1576AEC61BADE49600898BE5 /* Resources */,
			);
			buildRules = (
			);
			dependencies = (
				1576AECA1BADE49600898BE5 /* PBXTargetDependency */,
			);
			name = BananaCartUITests;
			productName = BananaCartUITests;
			productReference = 1576AEC81BADE49600898BE5 /* BananaCartUITests.xctest */;
			productType = "com.apple.product-type.bundle.ui-testing";
		};
/* End PBXNativeTarget section */

/* Begin PBXProject section */
		1576AE9F1BADE49600898BE5 /* Project object */ = {
			isa = PBXProject;
			attributes = {
				LastSwiftMigration = 0700;
				LastUpgradeCheck = 0700;
				ORGANIZATIONNAME = "Austin McKee";
				TargetAttributes = {
					1576AEA61BADE49600898BE5 = {
						CreatedOnToolsVersion = 7.0;
					};
					1576AEBC1BADE49600898BE5 = {
						CreatedOnToolsVersion = 7.0;
						TestTargetID = 1576AEA61BADE49600898BE5;
					};
					1576AEC71BADE49600898BE5 = {
						CreatedOnToolsVersion = 7.0;
						TestTargetID = 1576AEA61BADE49600898BE5;
					};
				};
			};
			buildConfigurationList = 1576AEA21BADE49600898BE5 /* Build configuration list for PBXProject "BananaCart" */;
			compatibilityVersion = "Xcode 3.2";
			developmentRegion = English;
			hasScannedForEncodings = 0;
			knownRegions = (
				en,
				Base,
			);
			mainGroup = 1576AE9E1BADE49600898BE5;
			productRefGroup = 1576AEA81BADE49600898BE5 /* Products */;
			projectDirPath = "";
			projectRoot = "";
			targets = (
				1576AEA61BADE49600898BE5 /* BananaCart */,
				1576AEBC1BADE49600898BE5 /* BananaCartTests */,
				1576AEC71BADE49600898BE5 /* BananaCartUITests */,
			);
		};
/* End PBXProject section */

/* Begin PBXResourcesBuildPhase section */
		1576AEA51BADE49600898BE5 /* Resources */ = {
			isa = PBXResourcesBuildPhase;
			buildActionMask = 2147483647;
			files = (
				1576AEB71BADE49600898BE5 /* LaunchScreen.storyboard in Resources */,
				156157B31BADF527003A5D1D /* CameraViewController.xib in Resources */,
				1576AEB41BADE49600898BE5 /* Assets.xcassets in Resources */,
				1576AEB21BADE49600898BE5 /* Main.storyboard in Resources */,
			);
			runOnlyForDeploymentPostprocessing = 0;
		};
		1576AEBB1BADE49600898BE5 /* Resources */ = {
			isa = PBXResourcesBuildPhase;
			buildActionMask = 2147483647;
			files = (
			);
			runOnlyForDeploymentPostprocessing = 0;
		};
		1576AEC61BADE49600898BE5 /* Resources */ = {
			isa = PBXResourcesBuildPhase;
			buildActionMask = 2147483647;
			files = (
			);
			runOnlyForDeploymentPostprocessing = 0;
		};
/* End PBXResourcesBuildPhase section */

/* Begin PBXShellScriptBuildPhase section */
<<<<<<< HEAD
		687B8FB80EB836448923554C /* Check Pods Manifest.lock */ = {
=======
		2B23F7BD09AF9A0057652F67 /* Copy Pods Resources */ = {
>>>>>>> austin
			isa = PBXShellScriptBuildPhase;
			buildActionMask = 2147483647;
			files = (
			);
			inputPaths = (
			);
<<<<<<< HEAD
			name = "Check Pods Manifest.lock";
=======
			name = "Copy Pods Resources";
>>>>>>> austin
			outputPaths = (
			);
			runOnlyForDeploymentPostprocessing = 0;
			shellPath = /bin/sh;
<<<<<<< HEAD
			shellScript = "diff \"${PODS_ROOT}/../Podfile.lock\" \"${PODS_ROOT}/Manifest.lock\" > /dev/null\nif [[ $? != 0 ]] ; then\n    cat << EOM\nerror: The sandbox is not in sync with the Podfile.lock. Run 'pod install' or update your CocoaPods installation.\nEOM\n    exit 1\nfi\n";
			showEnvVarsInLog = 0;
		};
		9CD38E88DE561777E07BAE4B /* Copy Pods Resources */ = {
=======
			shellScript = "\"${SRCROOT}/Pods/Target Support Files/Pods-BananaCart/Pods-BananaCart-resources.sh\"\n";
			showEnvVarsInLog = 0;
		};
		6B8234B8A23FA22D684E455A /* Check Pods Manifest.lock */ = {
>>>>>>> austin
			isa = PBXShellScriptBuildPhase;
			buildActionMask = 2147483647;
			files = (
			);
			inputPaths = (
			);
<<<<<<< HEAD
			name = "Copy Pods Resources";
=======
			name = "Check Pods Manifest.lock";
>>>>>>> austin
			outputPaths = (
			);
			runOnlyForDeploymentPostprocessing = 0;
			shellPath = /bin/sh;
<<<<<<< HEAD
			shellScript = "\"${SRCROOT}/Pods/Target Support Files/Pods-BananaCart/Pods-BananaCart-resources.sh\"\n";
=======
			shellScript = "diff \"${PODS_ROOT}/../Podfile.lock\" \"${PODS_ROOT}/Manifest.lock\" > /dev/null\nif [[ $? != 0 ]] ; then\n    cat << EOM\nerror: The sandbox is not in sync with the Podfile.lock. Run 'pod install' or update your CocoaPods installation.\nEOM\n    exit 1\nfi\n";
>>>>>>> austin
			showEnvVarsInLog = 0;
		};
/* End PBXShellScriptBuildPhase section */

/* Begin PBXSourcesBuildPhase section */
		1576AEA31BADE49600898BE5 /* Sources */ = {
			isa = PBXSourcesBuildPhase;
			buildActionMask = 2147483647;
			files = (
				1576AEAF1BADE49600898BE5 /* DetailViewController.swift in Sources */,
				156157B21BADF527003A5D1D /* CameraViewController.swift in Sources */,
				156157B71BAE9F39003A5D1D /* Secrets.swift in Sources */,
				156157AF1BADE810003A5D1D /* CameraViewController2.swift in Sources */,
				156157BA1BAEC099003A5D1D /* CheckoutViewController.swift in Sources */,
				1576AEAD1BADE49600898BE5 /* MasterViewController.swift in Sources */,
<<<<<<< HEAD
				D30AA7731BAE60B100C470A6 /* ParticleInput.swift in Sources */,
=======
				156157B51BAE1FAB003A5D1D /* FoodEntry.swift in Sources */,
>>>>>>> austin
				1576AEAB1BADE49600898BE5 /* AppDelegate.swift in Sources */,
				156157BC1BAEC705003A5D1D /* Global.swift in Sources */,
			);
			runOnlyForDeploymentPostprocessing = 0;
		};
		1576AEB91BADE49600898BE5 /* Sources */ = {
			isa = PBXSourcesBuildPhase;
			buildActionMask = 2147483647;
			files = (
				1576AEC21BADE49600898BE5 /* BananaCartTests.swift in Sources */,
			);
			runOnlyForDeploymentPostprocessing = 0;
		};
		1576AEC41BADE49600898BE5 /* Sources */ = {
			isa = PBXSourcesBuildPhase;
			buildActionMask = 2147483647;
			files = (
				1576AECD1BADE49600898BE5 /* BananaCartUITests.swift in Sources */,
			);
			runOnlyForDeploymentPostprocessing = 0;
		};
/* End PBXSourcesBuildPhase section */

/* Begin PBXTargetDependency section */
		1576AEBF1BADE49600898BE5 /* PBXTargetDependency */ = {
			isa = PBXTargetDependency;
			target = 1576AEA61BADE49600898BE5 /* BananaCart */;
			targetProxy = 1576AEBE1BADE49600898BE5 /* PBXContainerItemProxy */;
		};
		1576AECA1BADE49600898BE5 /* PBXTargetDependency */ = {
			isa = PBXTargetDependency;
			target = 1576AEA61BADE49600898BE5 /* BananaCart */;
			targetProxy = 1576AEC91BADE49600898BE5 /* PBXContainerItemProxy */;
		};
/* End PBXTargetDependency section */

/* Begin PBXVariantGroup section */
		1576AEB01BADE49600898BE5 /* Main.storyboard */ = {
			isa = PBXVariantGroup;
			children = (
				1576AEB11BADE49600898BE5 /* Base */,
			);
			name = Main.storyboard;
			sourceTree = "<group>";
		};
		1576AEB51BADE49600898BE5 /* LaunchScreen.storyboard */ = {
			isa = PBXVariantGroup;
			children = (
				1576AEB61BADE49600898BE5 /* Base */,
			);
			name = LaunchScreen.storyboard;
			sourceTree = "<group>";
		};
/* End PBXVariantGroup section */

/* Begin XCBuildConfiguration section */
		1576AECF1BADE49600898BE5 /* Debug */ = {
			isa = XCBuildConfiguration;
			buildSettings = {
				ALWAYS_SEARCH_USER_PATHS = NO;
				CLANG_CXX_LANGUAGE_STANDARD = "gnu++0x";
				CLANG_CXX_LIBRARY = "libc++";
				CLANG_ENABLE_MODULES = YES;
				CLANG_ENABLE_OBJC_ARC = YES;
				CLANG_WARN_BOOL_CONVERSION = YES;
				CLANG_WARN_CONSTANT_CONVERSION = YES;
				CLANG_WARN_DIRECT_OBJC_ISA_USAGE = YES_ERROR;
				CLANG_WARN_EMPTY_BODY = YES;
				CLANG_WARN_ENUM_CONVERSION = YES;
				CLANG_WARN_INT_CONVERSION = YES;
				CLANG_WARN_OBJC_ROOT_CLASS = YES_ERROR;
				CLANG_WARN_UNREACHABLE_CODE = YES;
				CLANG_WARN__DUPLICATE_METHOD_MATCH = YES;
				"CODE_SIGN_IDENTITY[sdk=iphoneos*]" = "iPhone Developer";
				COPY_PHASE_STRIP = NO;
				DEBUG_INFORMATION_FORMAT = dwarf;
				ENABLE_STRICT_OBJC_MSGSEND = YES;
				ENABLE_TESTABILITY = YES;
				GCC_C_LANGUAGE_STANDARD = gnu99;
				GCC_DYNAMIC_NO_PIC = NO;
				GCC_NO_COMMON_BLOCKS = YES;
				GCC_OPTIMIZATION_LEVEL = 0;
				GCC_PREPROCESSOR_DEFINITIONS = (
					"DEBUG=1",
					"$(inherited)",
				);
				GCC_WARN_64_TO_32_BIT_CONVERSION = YES;
				GCC_WARN_ABOUT_RETURN_TYPE = YES_ERROR;
				GCC_WARN_UNDECLARED_SELECTOR = YES;
				GCC_WARN_UNINITIALIZED_AUTOS = YES_AGGRESSIVE;
				GCC_WARN_UNUSED_FUNCTION = YES;
				GCC_WARN_UNUSED_VARIABLE = YES;
				IPHONEOS_DEPLOYMENT_TARGET = 9.0;
				MTL_ENABLE_DEBUG_INFO = YES;
				ONLY_ACTIVE_ARCH = YES;
				SDKROOT = iphoneos;
				SWIFT_OPTIMIZATION_LEVEL = "-Onone";
				TARGETED_DEVICE_FAMILY = "1,2";
			};
			name = Debug;
		};
		1576AED01BADE49600898BE5 /* Release */ = {
			isa = XCBuildConfiguration;
			buildSettings = {
				ALWAYS_SEARCH_USER_PATHS = NO;
				CLANG_CXX_LANGUAGE_STANDARD = "gnu++0x";
				CLANG_CXX_LIBRARY = "libc++";
				CLANG_ENABLE_MODULES = YES;
				CLANG_ENABLE_OBJC_ARC = YES;
				CLANG_WARN_BOOL_CONVERSION = YES;
				CLANG_WARN_CONSTANT_CONVERSION = YES;
				CLANG_WARN_DIRECT_OBJC_ISA_USAGE = YES_ERROR;
				CLANG_WARN_EMPTY_BODY = YES;
				CLANG_WARN_ENUM_CONVERSION = YES;
				CLANG_WARN_INT_CONVERSION = YES;
				CLANG_WARN_OBJC_ROOT_CLASS = YES_ERROR;
				CLANG_WARN_UNREACHABLE_CODE = YES;
				CLANG_WARN__DUPLICATE_METHOD_MATCH = YES;
				"CODE_SIGN_IDENTITY[sdk=iphoneos*]" = "iPhone Developer";
				COPY_PHASE_STRIP = NO;
				DEBUG_INFORMATION_FORMAT = "dwarf-with-dsym";
				ENABLE_NS_ASSERTIONS = NO;
				ENABLE_STRICT_OBJC_MSGSEND = YES;
				GCC_C_LANGUAGE_STANDARD = gnu99;
				GCC_NO_COMMON_BLOCKS = YES;
				GCC_WARN_64_TO_32_BIT_CONVERSION = YES;
				GCC_WARN_ABOUT_RETURN_TYPE = YES_ERROR;
				GCC_WARN_UNDECLARED_SELECTOR = YES;
				GCC_WARN_UNINITIALIZED_AUTOS = YES_AGGRESSIVE;
				GCC_WARN_UNUSED_FUNCTION = YES;
				GCC_WARN_UNUSED_VARIABLE = YES;
				IPHONEOS_DEPLOYMENT_TARGET = 9.0;
				MTL_ENABLE_DEBUG_INFO = NO;
				SDKROOT = iphoneos;
				TARGETED_DEVICE_FAMILY = "1,2";
				VALIDATE_PRODUCT = YES;
			};
			name = Release;
		};
		1576AED21BADE49600898BE5 /* Debug */ = {
			isa = XCBuildConfiguration;
<<<<<<< HEAD
			baseConfigurationReference = F9CC64934224D00D3882156C /* Pods-BananaCart.debug.xcconfig */;
=======
			baseConfigurationReference = 508C6972034E533EFC7F3023 /* Pods-BananaCart.debug.xcconfig */;
>>>>>>> austin
			buildSettings = {
				ASSETCATALOG_COMPILER_APPICON_NAME = AppIcon;
				INFOPLIST_FILE = BananaCart/Info.plist;
				LD_RUNPATH_SEARCH_PATHS = "$(inherited) @executable_path/Frameworks";
				PRODUCT_BUNDLE_IDENTIFIER = "com.austin-mckee.BananaCart";
				PRODUCT_NAME = "$(TARGET_NAME)";
<<<<<<< HEAD
				SWIFT_OBJC_BRIDGING_HEADER = BananaCart/BridgingHeader.h;
=======
				SWIFT_OBJC_BRIDGING_HEADER = "BananaCart/Bridging-Header.h";
>>>>>>> austin
				USER_HEADER_SEARCH_PATHS = "Pods/**";
			};
			name = Debug;
		};
		1576AED31BADE49600898BE5 /* Release */ = {
			isa = XCBuildConfiguration;
<<<<<<< HEAD
			baseConfigurationReference = 7153B8455222A3EE7A652DF1 /* Pods-BananaCart.release.xcconfig */;
=======
			baseConfigurationReference = 8EEC704254F963584F0B6831 /* Pods-BananaCart.release.xcconfig */;
>>>>>>> austin
			buildSettings = {
				ASSETCATALOG_COMPILER_APPICON_NAME = AppIcon;
				INFOPLIST_FILE = BananaCart/Info.plist;
				LD_RUNPATH_SEARCH_PATHS = "$(inherited) @executable_path/Frameworks";
				PRODUCT_BUNDLE_IDENTIFIER = "com.austin-mckee.BananaCart";
				PRODUCT_NAME = "$(TARGET_NAME)";
<<<<<<< HEAD
				SWIFT_OBJC_BRIDGING_HEADER = BananaCart/BridgingHeader.h;
=======
				SWIFT_OBJC_BRIDGING_HEADER = "BananaCart/Bridging-Header.h";
>>>>>>> austin
				USER_HEADER_SEARCH_PATHS = "Pods/**";
			};
			name = Release;
		};
		1576AED51BADE49600898BE5 /* Debug */ = {
			isa = XCBuildConfiguration;
			buildSettings = {
				BUNDLE_LOADER = "$(TEST_HOST)";
				INFOPLIST_FILE = BananaCartTests/Info.plist;
				LD_RUNPATH_SEARCH_PATHS = "$(inherited) @executable_path/Frameworks @loader_path/Frameworks";
				PRODUCT_BUNDLE_IDENTIFIER = "com.austin-mckee.BananaCartTests";
				PRODUCT_NAME = "$(TARGET_NAME)";
				TEST_HOST = "$(BUILT_PRODUCTS_DIR)/BananaCart.app/BananaCart";
			};
			name = Debug;
		};
		1576AED61BADE49600898BE5 /* Release */ = {
			isa = XCBuildConfiguration;
			buildSettings = {
				BUNDLE_LOADER = "$(TEST_HOST)";
				INFOPLIST_FILE = BananaCartTests/Info.plist;
				LD_RUNPATH_SEARCH_PATHS = "$(inherited) @executable_path/Frameworks @loader_path/Frameworks";
				PRODUCT_BUNDLE_IDENTIFIER = "com.austin-mckee.BananaCartTests";
				PRODUCT_NAME = "$(TARGET_NAME)";
				TEST_HOST = "$(BUILT_PRODUCTS_DIR)/BananaCart.app/BananaCart";
			};
			name = Release;
		};
		1576AED81BADE49600898BE5 /* Debug */ = {
			isa = XCBuildConfiguration;
			buildSettings = {
				INFOPLIST_FILE = BananaCartUITests/Info.plist;
				LD_RUNPATH_SEARCH_PATHS = "$(inherited) @executable_path/Frameworks @loader_path/Frameworks";
				PRODUCT_BUNDLE_IDENTIFIER = "com.austin-mckee.BananaCartUITests";
				PRODUCT_NAME = "$(TARGET_NAME)";
				TEST_TARGET_NAME = BananaCart;
				USES_XCTRUNNER = YES;
			};
			name = Debug;
		};
		1576AED91BADE49600898BE5 /* Release */ = {
			isa = XCBuildConfiguration;
			buildSettings = {
				INFOPLIST_FILE = BananaCartUITests/Info.plist;
				LD_RUNPATH_SEARCH_PATHS = "$(inherited) @executable_path/Frameworks @loader_path/Frameworks";
				PRODUCT_BUNDLE_IDENTIFIER = "com.austin-mckee.BananaCartUITests";
				PRODUCT_NAME = "$(TARGET_NAME)";
				TEST_TARGET_NAME = BananaCart;
				USES_XCTRUNNER = YES;
			};
			name = Release;
		};
/* End XCBuildConfiguration section */

/* Begin XCConfigurationList section */
		1576AEA21BADE49600898BE5 /* Build configuration list for PBXProject "BananaCart" */ = {
			isa = XCConfigurationList;
			buildConfigurations = (
				1576AECF1BADE49600898BE5 /* Debug */,
				1576AED01BADE49600898BE5 /* Release */,
			);
			defaultConfigurationIsVisible = 0;
			defaultConfigurationName = Release;
		};
		1576AED11BADE49600898BE5 /* Build configuration list for PBXNativeTarget "BananaCart" */ = {
			isa = XCConfigurationList;
			buildConfigurations = (
				1576AED21BADE49600898BE5 /* Debug */,
				1576AED31BADE49600898BE5 /* Release */,
			);
			defaultConfigurationIsVisible = 0;
			defaultConfigurationName = Release;
		};
		1576AED41BADE49600898BE5 /* Build configuration list for PBXNativeTarget "BananaCartTests" */ = {
			isa = XCConfigurationList;
			buildConfigurations = (
				1576AED51BADE49600898BE5 /* Debug */,
				1576AED61BADE49600898BE5 /* Release */,
			);
			defaultConfigurationIsVisible = 0;
			defaultConfigurationName = Release;
		};
		1576AED71BADE49600898BE5 /* Build configuration list for PBXNativeTarget "BananaCartUITests" */ = {
			isa = XCConfigurationList;
			buildConfigurations = (
				1576AED81BADE49600898BE5 /* Debug */,
				1576AED91BADE49600898BE5 /* Release */,
			);
			defaultConfigurationIsVisible = 0;
			defaultConfigurationName = Release;
		};
/* End XCConfigurationList section */
	};
	rootObject = 1576AE9F1BADE49600898BE5 /* Project object */;
}
